
Example1
Microsoft Visual Studio Solution File, Format Version 12.00
# Visual Studio 15
VisualStudioVersion = 15.0.28307.779
MinimumVisualStudioVersion = 10.0.40219.1
Project("{FAE04EC0-301F-11D3-BF4B-00C04F79EFBC}") = "HelloWorld", "HelloWorld\HelloWorld.csproj", "{005D5DC5-C34F-467F-8F4F-29236CE55967}"
EndProject
Global
	GlobalSection(SolutionConfigurationPlatforms) = preSolution
		Debug|Any CPU = Debug|Any CPU
		Release|Any CPU = Release|Any CPU
	EndGlobalSection
	GlobalSection(ProjectConfigurationPlatforms) = postSolution
		{005D5DC5-C34F-467F-8F4F-29236CE55967}.Debug|Any CPU.ActiveCfg = Debug|Any CPU
		{005D5DC5-C34F-467F-8F4F-29236CE55967}.Debug|Any CPU.Build.0 = Debug|Any CPU
		{005D5DC5-C34F-467F-8F4F-29236CE55967}.Release|Any CPU.ActiveCfg = Release|Any CPU
		{005D5DC5-C34F-467F-8F4F-29236CE55967}.Release|Any CPU.Build.0 = Release|Any CPU
	EndGlobalSection
	GlobalSection(SolutionProperties) = preSolution
		HideSolutionNode = FALSE
	EndGlobalSection
	GlobalSection(ExtensibilityGlobals) = postSolution
		SolutionGuid = {AFF74C71-FD60-40D0-8D69-444B1FC068CE}
	EndGlobalSection
EndGlobal
